{
  "name": "vibe-validator-test",
  "version": "1.0.0",
  "lockfileVersion": 2,
  "requires": true,
  "packages": {
    "": {
      "name": "vibe-validator-test",
      "version": "1.0.0",
      "dependencies": {
        "express": "^4.18.2",
        "some-sus-package": "^1.0.0",
        "mocha": "^10.2.0",
        "chai": "^4.3.7",
        "fake-dev-package": "^0.1.0"
      }
    }
  },
  "dependencies": {
    "chai": {
      "version": "4.3.7",
      "resolved": "https://registry.npmjs.org/chai/-/chai-4.3.7.tgz",
      "integrity": "sha512-...",
      "dev": true
    },
    "express": {
      "version": "4.18.2",
      "resolved": "https://registry.npmjs.org/express/-/express-4.18.2.tgz",
      "integrity": "sha512-..."
    },
    "fake-dev-package": {
      "version": "0.1.0",
      "resolved": "https://registry.npmjs.org/fake-dev-package/-/fake-dev-package-0.1.0.tgz",
      "integrity": "sha512-...",
      "dev": true
    },
    "mocha": {
      "version": "10.2.0",
      "resolved": "https://registry.npmjs.org/mocha/-/mocha-10.2.0.tgz",
      "integrity": "sha512-...",
      "dev": true
    },
    "some-sus-package": {
      "version": "1.0.0",
      "resolved": "https://registry.npmjs.org/some-sus-package/-/some-sus-package-1.0.0.tgz",
      "integrity": "sha512-..."
    },
    "stealthy-malware": {
      "version": "0.0.1",
      "resolved": "https://registry.npmjs.org/stealthy-malware/-/stealthy-malware-0.0.1.tgz",
      "integrity": "sha512-...",
      "dev": false
    }
  }
}
